<?xml version="1.0" encoding="utf-8"?>
<Project ToolsVersion="4.0" xmlns="http://schemas.microsoft.com/developer/msbuild/2003">
  <ItemGroup>
    <Filter Include="src">
      <UniqueIdentifier>{1aedd8b1-2e41-42a9-ab83-b87a29a6a06b}</UniqueIdentifier>
    </Filter>
    <Filter Include="src\dbc">
      <UniqueIdentifier>{2807d12a-1bca-48c7-8988-095b9d6a9436}</UniqueIdentifier>
    </Filter>
    <Filter Include="src\dbc-structs">
      <UniqueIdentifier>{32e62384-e450-4e04-a33d-422d94e06d40}</UniqueIdentifier>
    </Filter>
    <Filter Include="src\main">
      <UniqueIdentifier>{c4a7a724-afa9-4eda-8639-cfd84cb14799}</UniqueIdentifier>
    </Filter>
    <Filter Include="src\common">
      <UniqueIdentifier>{d8705089-01e2-4bed-a8eb-e25c4cc10509}</UniqueIdentifier>
    </Filter>
  </ItemGroup>
  <ItemGroup>
    <ClCompile Include="..\..\src\dbc\dbc.cpp">
      <Filter>src\dbc</Filter>
    </ClCompile>
    <ClCompile Include="..\..\src\main\main.cpp">
      <Filter>src\main</Filter>
    </ClCompile>
    <ClCompile Include="..\..\src\common\progressbar.cpp">
      <Filter>src\common</Filter>
    </ClCompile>
  </ItemGroup>
  <ItemGroup>
    <ClInclude Include="..\..\src\dbc\dbc.h">
      <Filter>src\dbc</Filter>
    </ClInclude>
    <ClInclude Include="..\..\src\structs\achievement.h">
      <Filter>src\dbc-structs</Filter>
    </ClInclude>
    <ClInclude Include="..\..\src\structs\achievement_category.h">
      <Filter>src\dbc-structs</Filter>
    </ClInclude>
    <ClInclude Include="..\..\src\structs\achievement_criteria.h">
      <Filter>src\dbc-structs</Filter>
    </ClInclude>
    <ClInclude Include="..\..\src\structs\spell.h">
      <Filter>src\dbc-structs</Filter>
    </ClInclude>
    <ClInclude Include="..\..\src\common\common.h">
      <Filter>src\common</Filter>
    </ClInclude>
    <ClInclude Include="..\..\src\common\progressbar.h">
      <Filter>src\common</Filter>
    </ClInclude>
  </ItemGroup>
</Project>